
Microsoft Visual Studio Solution File, Format Version 12.00
# Visual Studio Version 16
VisualStudioVersion = 16.0.29326.143
MinimumVisualStudioVersion = 10.0.40219.1
Project("{FAE04EC0-301F-11D3-BF4B-00C04F79EFBC}") = "week7", "week7.csproj", "{00D95EF4-D467-4543-9A88-CE2E8D3501E0}"
EndProject
Project("{FAE04EC0-301F-11D3-BF4B-00C04F79EFBC}") = "ReadContents", "..\ReadContents\ReadContents.csproj", "{B436AD04-D7DE-4624-9E9E-113968CE645A}"
EndProject
Project("{FAE04EC0-301F-11D3-BF4B-00C04F79EFBC}") = "downloadFile", "..\downloadFile\downloadFile.csproj", "{B40D8AED-F203-4742-888C-8759AD028457}"
EndProject
Project("{FAE04EC0-301F-11D3-BF4B-00C04F79EFBC}") = "ReadNumber", "..\ReadNumber\ReadNumber.csproj", "{CF8601C6-7B03-4892-BD21-28B19EE6FCFC}"
EndProject
Project("{FAE04EC0-301F-11D3-BF4B-00C04F79EFBC}") = "BitArrays", "..\BitArrays\BitArrays.csproj", "{F2628812-C037-4AE6-802E-B18CBD57DE5D}"
EndProject
Project("{FAE04EC0-301F-11D3-BF4B-00C04F79EFBC}") = "Exceptii", "..\Exceptii\Exceptii.csproj", "{CB8BF227-8F0D-440B-95C6-02CC3C12BB1E}"
EndProject
Global
	GlobalSection(SolutionConfigurationPlatforms) = preSolution
		Debug|Any CPU = Debug|Any CPU
		Release|Any CPU = Release|Any CPU
	EndGlobalSection
	GlobalSection(ProjectConfigurationPlatforms) = postSolution
		{00D95EF4-D467-4543-9A88-CE2E8D3501E0}.Debug|Any CPU.ActiveCfg = Debug|Any CPU
		{00D95EF4-D467-4543-9A88-CE2E8D3501E0}.Debug|Any CPU.Build.0 = Debug|Any CPU
		{00D95EF4-D467-4543-9A88-CE2E8D3501E0}.Release|Any CPU.ActiveCfg = Release|Any CPU
		{00D95EF4-D467-4543-9A88-CE2E8D3501E0}.Release|Any CPU.Build.0 = Release|Any CPU
		{B436AD04-D7DE-4624-9E9E-113968CE645A}.Debug|Any CPU.ActiveCfg = Debug|Any CPU
		{B436AD04-D7DE-4624-9E9E-113968CE645A}.Debug|Any CPU.Build.0 = Debug|Any CPU
		{B436AD04-D7DE-4624-9E9E-113968CE645A}.Release|Any CPU.ActiveCfg = Release|Any CPU
		{B436AD04-D7DE-4624-9E9E-113968CE645A}.Release|Any CPU.Build.0 = Release|Any CPU
		{B40D8AED-F203-4742-888C-8759AD028457}.Debug|Any CPU.ActiveCfg = Debug|Any CPU
		{B40D8AED-F203-4742-888C-8759AD028457}.Debug|Any CPU.Build.0 = Debug|Any CPU
		{B40D8AED-F203-4742-888C-8759AD028457}.Release|Any CPU.ActiveCfg = Release|Any CPU
		{B40D8AED-F203-4742-888C-8759AD028457}.Release|Any CPU.Build.0 = Release|Any CPU
		{CF8601C6-7B03-4892-BD21-28B19EE6FCFC}.Debug|Any CPU.ActiveCfg = Debug|Any CPU
		{CF8601C6-7B03-4892-BD21-28B19EE6FCFC}.Debug|Any CPU.Build.0 = Debug|Any CPU
		{CF8601C6-7B03-4892-BD21-28B19EE6FCFC}.Release|Any CPU.ActiveCfg = Release|Any CPU
		{CF8601C6-7B03-4892-BD21-28B19EE6FCFC}.Release|Any CPU.Build.0 = Release|Any CPU
		{F2628812-C037-4AE6-802E-B18CBD57DE5D}.Debug|Any CPU.ActiveCfg = Debug|Any CPU
		{F2628812-C037-4AE6-802E-B18CBD57DE5D}.Debug|Any CPU.Build.0 = Debug|Any CPU
		{F2628812-C037-4AE6-802E-B18CBD57DE5D}.Release|Any CPU.ActiveCfg = Release|Any CPU
		{F2628812-C037-4AE6-802E-B18CBD57DE5D}.Release|Any CPU.Build.0 = Release|Any CPU
		{CB8BF227-8F0D-440B-95C6-02CC3C12BB1E}.Debug|Any CPU.ActiveCfg = Debug|Any CPU
		{CB8BF227-8F0D-440B-95C6-02CC3C12BB1E}.Debug|Any CPU.Build.0 = Debug|Any CPU
		{CB8BF227-8F0D-440B-95C6-02CC3C12BB1E}.Release|Any CPU.ActiveCfg = Release|Any CPU
		{CB8BF227-8F0D-440B-95C6-02CC3C12BB1E}.Release|Any CPU.Build.0 = Release|Any CPU
	EndGlobalSection
	GlobalSection(SolutionProperties) = preSolution
		HideSolutionNode = FALSE
	EndGlobalSection
	GlobalSection(ExtensibilityGlobals) = postSolution
		SolutionGuid = {CA97988D-224B-45FE-BF6E-0F5E2418BE5C}
	EndGlobalSection
EndGlobal
